{
  "nodes": {
    "nixpkgs": {
      "locked": {
        "lastModified": 1607056847,
        "narHash": "sha256-PZhpik0Y3Q7GcKtj7Br09ZKErnAF0x35vs6JUhAZRHQ=",
        "owner": "jcumming",
        "repo": "nixpkgs",
        "rev": "1ffac4877186fae2a638422fc7ff416302ec93aa",
        "type": "github"
      },
      "original": {
        "owner": "jcumming",
        "ref": "bluespec-unstable-2020.11.04",
        "repo": "nixpkgs",
        "type": "github"
      }
    },
    "root": {
      "inputs": {
        "nixpkgs": "nixpkgs"
      }
    }
  },
  "root": "root",
  "version": 7
}
